// !$*UTF8*$!
{
	archiveVersion = 1;
	classes = {
	};
	objectVersion = 50;
	objects = {

/* Begin PBXBuildFile section */
		5764344022DE2000009AF7C5 /* AppDelegate.swift in Sources */ = {isa = PBXBuildFile; fileRef = 5764343F22DE2000009AF7C5 /* AppDelegate.swift */; };
		5764344222DE2000009AF7C5 /* ViewController.swift in Sources */ = {isa = PBXBuildFile; fileRef = 5764344122DE2000009AF7C5 /* ViewController.swift */; };
		5764344522DE2000009AF7C5 /* Main.storyboard in Resources */ = {isa = PBXBuildFile; fileRef = 5764344322DE2000009AF7C5 /* Main.storyboard */; };
		5764344722DE2002009AF7C5 /* Assets.xcassets in Resources */ = {isa = PBXBuildFile; fileRef = 5764344622DE2002009AF7C5 /* Assets.xcassets */; };
		5764344A22DE2002009AF7C5 /* LaunchScreen.storyboard in Resources */ = {isa = PBXBuildFile; fileRef = 5764344822DE2002009AF7C5 /* LaunchScreen.storyboard */; };
		5764345522DE2002009AF7C5 /* SampleTests.swift in Sources */ = {isa = PBXBuildFile; fileRef = 5764345422DE2002009AF7C5 /* SampleTests.swift */; };
		5764346022DE2002009AF7C5 /* SampleUITests.swift in Sources */ = {isa = PBXBuildFile; fileRef = 5764345F22DE2002009AF7C5 /* SampleUITests.swift */; };
/* End PBXBuildFile section */

/* Begin PBXContainerItemProxy section */
		5764345122DE2002009AF7C5 /* PBXContainerItemProxy */ = {
			isa = PBXContainerItemProxy;
			containerPortal = 5764343422DE2000009AF7C5 /* Project object */;
			proxyType = 1;
			remoteGlobalIDString = 5764343B22DE2000009AF7C5;
			remoteInfo = Sample;
		};
		5764345C22DE2002009AF7C5 /* PBXContainerItemProxy */ = {
			isa = PBXContainerItemProxy;
			containerPortal = 5764343422DE2000009AF7C5 /* Project object */;
			proxyType = 1;
			remoteGlobalIDString = 5764343B22DE2000009AF7C5;
			remoteInfo = Sample;
		};
/* End PBXContainerItemProxy section */

/* Begin PBXFileReference section */
		5764343C22DE2000009AF7C5 /* Sample.app */ = {isa = PBXFileReference; explicitFileType = wrapper.application; includeInIndex = 0; path = Sample.app; sourceTree = BUILT_PRODUCTS_DIR; };
		5764343F22DE2000009AF7C5 /* AppDelegate.swift */ = {isa = PBXFileReference; lastKnownFileType = sourcecode.swift; path = AppDelegate.swift; sourceTree = "<group>"; };
		5764344122DE2000009AF7C5 /* ViewController.swift */ = {isa = PBXFileReference; lastKnownFileType = sourcecode.swift; path = ViewController.swift; sourceTree = "<group>"; };
		5764344422DE2000009AF7C5 /* Base */ = {isa = PBXFileReference; lastKnownFileType = file.storyboard; name = Base; path = Base.lproj/Main.storyboard; sourceTree = "<group>"; };
		5764344622DE2002009AF7C5 /* Assets.xcassets */ = {isa = PBXFileReference; lastKnownFileType = folder.assetcatalog; path = Assets.xcassets; sourceTree = "<group>"; };
		5764344922DE2002009AF7C5 /* Base */ = {isa = PBXFileReference; lastKnownFileType = file.storyboard; name = Base; path = Base.lproj/LaunchScreen.storyboard; sourceTree = "<group>"; };
		5764344B22DE2002009AF7C5 /* Info.plist */ = {isa = PBXFileReference; lastKnownFileType = text.plist.xml; path = Info.plist; sourceTree = "<group>"; };
		5764345022DE2002009AF7C5 /* SampleTests.xctest */ = {isa = PBXFileReference; explicitFileType = wrapper.cfbundle; includeInIndex = 0; path = SampleTests.xctest; sourceTree = BUILT_PRODUCTS_DIR; };
		5764345422DE2002009AF7C5 /* SampleTests.swift */ = {isa = PBXFileReference; lastKnownFileType = sourcecode.swift; path = SampleTests.swift; sourceTree = "<group>"; };
		5764345622DE2002009AF7C5 /* Info.plist */ = {isa = PBXFileReference; lastKnownFileType = text.plist.xml; path = Info.plist; sourceTree = "<group>"; };
		5764345B22DE2002009AF7C5 /* SampleUITests.xctest */ = {isa = PBXFileReference; explicitFileType = wrapper.cfbundle; includeInIndex = 0; path = SampleUITests.xctest; sourceTree = BUILT_PRODUCTS_DIR; };
		5764345F22DE2002009AF7C5 /* SampleUITests.swift */ = {isa = PBXFileReference; lastKnownFileType = sourcecode.swift; path = SampleUITests.swift; sourceTree = "<group>"; };
		5764346122DE2002009AF7C5 /* Info.plist */ = {isa = PBXFileReference; lastKnownFileType = text.plist.xml; path = Info.plist; sourceTree = "<group>"; };
/* End PBXFileReference section */

/* Begin PBXFrameworksBuildPhase section */
		5764343922DE2000009AF7C5 /* Frameworks */ = {
			isa = PBXFrameworksBuildPhase;
			buildActionMask = 2147483647;
			files = (
			);
			runOnlyForDeploymentPostprocessing = 0;
		};
		5764344D22DE2002009AF7C5 /* Frameworks */ = {
			isa = PBXFrameworksBuildPhase;
			buildActionMask = 2147483647;
			files = (
			);
			runOnlyForDeploymentPostprocessing = 0;
		};
		5764345822DE2002009AF7C5 /* Frameworks */ = {
			isa = PBXFrameworksBuildPhase;
			buildActionMask = 2147483647;
			files = (
			);
			runOnlyForDeploymentPostprocessing = 0;
		};
/* End PBXFrameworksBuildPhase section */

/* Begin PBXGroup section */
		5764343322DE2000009AF7C5 = {
			isa = PBXGroup;
			children = (
				5764343E22DE2000009AF7C5 /* Sample */,
				5764345322DE2002009AF7C5 /* SampleTests */,
				5764345E22DE2002009AF7C5 /* SampleUITests */,
				5764343D22DE2000009AF7C5 /* Products */,
			);
			sourceTree = "<group>";
		};
		5764343D22DE2000009AF7C5 /* Products */ = {
			isa = PBXGroup;
			children = (
				5764343C22DE2000009AF7C5 /* Sample.app */,
				5764345022DE2002009AF7C5 /* SampleTests.xctest */,
				5764345B22DE2002009AF7C5 /* SampleUITests.xctest */,
			);
			name = Products;
			sourceTree = "<group>";
		};
		5764343E22DE2000009AF7C5 /* Sample */ = {
			isa = PBXGroup;
			children = (
				5764343F22DE2000009AF7C5 /* AppDelegate.swift */,
				5764344122DE2000009AF7C5 /* ViewController.swift */,
				5764344322DE2000009AF7C5 /* Main.storyboard */,
				5764344622DE2002009AF7C5 /* Assets.xcassets */,
				5764344822DE2002009AF7C5 /* LaunchScreen.storyboard */,
				5764344B22DE2002009AF7C5 /* Info.plist */,
			);
			path = Sample;
			sourceTree = "<group>";
		};
		5764345322DE2002009AF7C5 /* SampleTests */ = {
			isa = PBXGroup;
			children = (
				5764345422DE2002009AF7C5 /* SampleTests.swift */,
				5764345622DE2002009AF7C5 /* Info.plist */,
			);
			path = SampleTests;
			sourceTree = "<group>";
		};
		5764345E22DE2002009AF7C5 /* SampleUITests */ = {
			isa = PBXGroup;
			children = (
				5764345F22DE2002009AF7C5 /* SampleUITests.swift */,
				5764346122DE2002009AF7C5 /* Info.plist */,
			);
			path = SampleUITests;
			sourceTree = "<group>";
		};
/* End PBXGroup section */

/* Begin PBXNativeTarget section */
		5764343B22DE2000009AF7C5 /* Sample */ = {
			isa = PBXNativeTarget;
			buildConfigurationList = 5764346422DE2002009AF7C5 /* Build configuration list for PBXNativeTarget "Sample" */;
			buildPhases = (
				5764343822DE2000009AF7C5 /* Sources */,
				5764343922DE2000009AF7C5 /* Frameworks */,
				5764343A22DE2000009AF7C5 /* Resources */,
			);
			buildRules = (
			);
			dependencies = (
			);
			name = Sample;
			productName = Sample;
			productReference = 5764343C22DE2000009AF7C5 /* Sample.app */;
			productType = "com.apple.product-type.application";
		};
		5764344F22DE2002009AF7C5 /* SampleTests */ = {
			isa = PBXNativeTarget;
			buildConfigurationList = 5764346722DE2002009AF7C5 /* Build configuration list for PBXNativeTarget "SampleTests" */;
			buildPhases = (
				5764344C22DE2002009AF7C5 /* Sources */,
				5764344D22DE2002009AF7C5 /* Frameworks */,
				5764344E22DE2002009AF7C5 /* Resources */,
			);
			buildRules = (
			);
			dependencies = (
				5764345222DE2002009AF7C5 /* PBXTargetDependency */,
			);
			name = SampleTests;
			productName = SampleTests;
			productReference = 5764345022DE2002009AF7C5 /* SampleTests.xctest */;
			productType = "com.apple.product-type.bundle.unit-test";
		};
		5764345A22DE2002009AF7C5 /* SampleUITests */ = {
			isa = PBXNativeTarget;
			buildConfigurationList = 5764346A22DE2002009AF7C5 /* Build configuration list for PBXNativeTarget "SampleUITests" */;
			buildPhases = (
				5764345722DE2002009AF7C5 /* Sources */,
				5764345822DE2002009AF7C5 /* Frameworks */,
				5764345922DE2002009AF7C5 /* Resources */,
			);
			buildRules = (
			);
			dependencies = (
				5764345D22DE2002009AF7C5 /* PBXTargetDependency */,
			);
			name = SampleUITests;
			productName = SampleUITests;
			productReference = 5764345B22DE2002009AF7C5 /* SampleUITests.xctest */;
			productType = "com.apple.product-type.bundle.ui-testing";
		};
/* End PBXNativeTarget section */

/* Begin PBXProject section */
		5764343422DE2000009AF7C5 /* Project object */ = {
			isa = PBXProject;
			attributes = {
				LastSwiftUpdateCheck = 1020;
				LastUpgradeCheck = 1020;
				ORGANIZATIONNAME = "Coding Blocks";
				TargetAttributes = {
					5764343B22DE2000009AF7C5 = {
						CreatedOnToolsVersion = 10.2.1;
					};
					5764344F22DE2002009AF7C5 = {
						CreatedOnToolsVersion = 10.2.1;
						TestTargetID = 5764343B22DE2000009AF7C5;
					};
					5764345A22DE2002009AF7C5 = {
						CreatedOnToolsVersion = 10.2.1;
						TestTargetID = 5764343B22DE2000009AF7C5;
					};
				};
			};
			buildConfigurationList = 5764343722DE2000009AF7C5 /* Build configuration list for PBXProject "Sample" */;
			compatibilityVersion = "Xcode 9.3";
			developmentRegion = en;
			hasScannedForEncodings = 0;
			knownRegions = (
				en,
				Base,
			);
			mainGroup = 5764343322DE2000009AF7C5;
			productRefGroup = 5764343D22DE2000009AF7C5 /* Products */;
			projectDirPath = "";
			projectRoot = "";
			targets = (
				5764343B22DE2000009AF7C5 /* Sample */,
				5764344F22DE2002009AF7C5 /* SampleTests */,
				5764345A22DE2002009AF7C5 /* SampleUITests */,
			);
		};
/* End PBXProject section */

/* Begin PBXResourcesBuildPhase section */
		5764343A22DE2000009AF7C5 /* Resources */ = {
			isa = PBXResourcesBuildPhase;
			buildActionMask = 2147483647;
			files = (
				5764344A22DE2002009AF7C5 /* LaunchScreen.storyboard in Resources */,
				5764344722DE2002009AF7C5 /* Assets.xcassets in Resources */,
				5764344522DE2000009AF7C5 /* Main.storyboard in Resources */,
			);
			runOnlyForDeploymentPostprocessing = 0;
		};
		5764344E22DE2002009AF7C5 /* Resources */ = {
			isa = PBXResourcesBuildPhase;
			buildActionMask = 2147483647;
			files = (
			);
			runOnlyForDeploymentPostprocessing = 0;
		};
		5764345922DE2002009AF7C5 /* Resources */ = {
			isa = PBXResourcesBuildPhase;
			buildActionMask = 2147483647;
			files = (
			);
			runOnlyForDeploymentPostprocessing = 0;
		};
/* End PBXResourcesBuildPhase section */

/* Begin PBXSourcesBuildPhase section */
		5764343822DE2000009AF7C5 /* Sources */ = {
			isa = PBXSourcesBuildPhase;
			buildActionMask = 2147483647;
			files = (
				5764344222DE2000009AF7C5 /* ViewController.swift in Sources */,
				5764344022DE2000009AF7C5 /* AppDelegate.swift in Sources */,
			);
			runOnlyForDeploymentPostprocessing = 0;
		};
		5764344C22DE2002009AF7C5 /* Sources */ = {
			isa = PBXSourcesBuildPhase;
			buildActionMask = 2147483647;
			files = (
				5764345522DE2002009AF7C5 /* SampleTests.swift in Sources */,
			);
			runOnlyForDeploymentPostprocessing = 0;
		};
		5764345722DE2002009AF7C5 /* Sources */ = {
			isa = PBXSourcesBuildPhase;
			buildActionMask = 2147483647;
			files = (
				5764346022DE2002009AF7C5 /* SampleUITests.swift in Sources */,
			);
			runOnlyForDeploymentPostprocessing = 0;
		};
/* End PBXSourcesBuildPhase section */

/* Begin PBXTargetDependency section */
		5764345222DE2002009AF7C5 /* PBXTargetDependency */ = {
			isa = PBXTargetDependency;
			target = 5764343B22DE2000009AF7C5 /* Sample */;
			targetProxy = 5764345122DE2002009AF7C5 /* PBXContainerItemProxy */;
		};
		5764345D22DE2002009AF7C5 /* PBXTargetDependency */ = {
			isa = PBXTargetDependency;
			target = 5764343B22DE2000009AF7C5 /* Sample */;
			targetProxy = 5764345C22DE2002009AF7C5 /* PBXContainerItemProxy */;
		};
/* End PBXTargetDependency section */

/* Begin PBXVariantGroup section */
		5764344322DE2000009AF7C5 /* Main.storyboard */ = {
			isa = PBXVariantGroup;
			children = (
				5764344422DE2000009AF7C5 /* Base */,
			);
			name = Main.storyboard;
			sourceTree = "<group>";
		};
		5764344822DE2002009AF7C5 /* LaunchScreen.storyboard */ = {
			isa = PBXVariantGroup;
			children = (
				5764344922DE2002009AF7C5 /* Base */,
			);
			name = LaunchScreen.storyboard;
			sourceTree = "<group>";
		};
/* End PBXVariantGroup section */

/* Begin XCBuildConfiguration section */
		5764346222DE2002009AF7C5 /* Debug */ = {
			isa = XCBuildConfiguration;
			buildSettings = {
				ALWAYS_SEARCH_USER_PATHS = NO;
				CLANG_ANALYZER_NONNULL = YES;
				CLANG_ANALYZER_NUMBER_OBJECT_CONVERSION = YES_AGGRESSIVE;
				CLANG_CXX_LANGUAGE_STANDARD = "gnu++14";
				CLANG_CXX_LIBRARY = "libc++";
				CLANG_ENABLE_MODULES = YES;
				CLANG_ENABLE_OBJC_ARC = YES;
				CLANG_ENABLE_OBJC_WEAK = YES;
				CLANG_WARN_BLOCK_CAPTURE_AUTORELEASING = YES;
				CLANG_WARN_BOOL_CONVERSION = YES;
				CLANG_WARN_COMMA = YES;
				CLANG_WARN_CONSTANT_CONVERSION = YES;
				CLANG_WARN_DEPRECATED_OBJC_IMPLEMENTATIONS = YES;
				CLANG_WARN_DIRECT_OBJC_ISA_USAGE = YES_ERROR;
				CLANG_WARN_DOCUMENTATION_COMMENTS = YES;
				CLANG_WARN_EMPTY_BODY = YES;
				CLANG_WARN_ENUM_CONVERSION = YES;
				CLANG_WARN_INFINITE_RECURSION = YES;
				CLANG_WARN_INT_CONVERSION = YES;
				CLANG_WARN_NON_LITERAL_NULL_CONVERSION = YES;
				CLANG_WARN_OBJC_IMPLICIT_RETAIN_SELF = YES;
				CLANG_WARN_OBJC_LITERAL_CONVERSION = YES;
				CLANG_WARN_OBJC_ROOT_CLASS = YES_ERROR;
				CLANG_WARN_RANGE_LOOP_ANALYSIS = YES;
				CLANG_WARN_STRICT_PROTOTYPES = YES;
				CLANG_WARN_SUSPICIOUS_MOVE = YES;
				CLANG_WARN_UNGUARDED_AVAILABILITY = YES_AGGRESSIVE;
				CLANG_WARN_UNREACHABLE_CODE = YES;
				CLANG_WARN__DUPLICATE_METHOD_MATCH = YES;
				CODE_SIGN_IDENTITY = "iPhone Developer";
				COPY_PHASE_STRIP = NO;
				DEBUG_INFORMATION_FORMAT = dwarf;
				ENABLE_STRICT_OBJC_MSGSEND = YES;
				ENABLE_TESTABILITY = YES;
				GCC_C_LANGUAGE_STANDARD = gnu11;
				GCC_DYNAMIC_NO_PIC = NO;
				GCC_NO_COMMON_BLOCKS = YES;
				GCC_OPTIMIZATION_LEVEL = 0;
				GCC_PREPROCESSOR_DEFINITIONS = (
					"DEBUG=1",
					"$(inherited)",
				);
				GCC_WARN_64_TO_32_BIT_CONVERSION = YES;
				GCC_WARN_ABOUT_RETURN_TYPE = YES_ERROR;
				GCC_WARN_UNDECLARED_SELECTOR = YES;
				GCC_WARN_UNINITIALIZED_AUTOS = YES_AGGRESSIVE;
				GCC_WARN_UNUSED_FUNCTION = YES;
				GCC_WARN_UNUSED_VARIABLE = YES;
				IPHONEOS_DEPLOYMENT_TARGET = 12.2;
				MTL_ENABLE_DEBUG_INFO = INCLUDE_SOURCE;
				MTL_FAST_MATH = YES;
				ONLY_ACTIVE_ARCH = YES;
				SDKROOT = iphoneos;
				SWIFT_ACTIVE_COMPILATION_CONDITIONS = DEBUG;
				SWIFT_OPTIMIZATION_LEVEL = "-Onone";
			};
			name = Debug;
		};
		5764346322DE2002009AF7C5 /* Release */ = {
			isa = XCBuildConfiguration;
			buildSettings = {
				ALWAYS_SEARCH_USER_PATHS = NO;
				CLANG_ANALYZER_NONNULL = YES;
				CLANG_ANALYZER_NUMBER_OBJECT_CONVERSION = YES_AGGRESSIVE;
				CLANG_CXX_LANGUAGE_STANDARD = "gnu++14";
				CLANG_CXX_LIBRARY = "libc++";
				CLANG_ENABLE_MODULES = YES;
				CLANG_ENABLE_OBJC_ARC = YES;
				CLANG_ENABLE_OBJC_WEAK = YES;
				CLANG_WARN_BLOCK_CAPTURE_AUTORELEASING = YES;
				CLANG_WARN_BOOL_CONVERSION = YES;
				CLANG_WARN_COMMA = YES;
				CLANG_WARN_CONSTANT_CONVERSION = YES;
				CLANG_WARN_DEPRECATED_OBJC_IMPLEMENTATIONS = YES;
				CLANG_WARN_DIRECT_OBJC_ISA_USAGE = YES_ERROR;
				CLANG_WARN_DOCUMENTATION_COMMENTS = YES;
				CLANG_WARN_EMPTY_BODY = YES;
				CLANG_WARN_ENUM_CONVERSION = YES;
				CLANG_WARN_INFINITE_RECURSION = YES;
				CLANG_WARN_INT_CONVERSION = YES;
				CLANG_WARN_NON_LITERAL_NULL_CONVERSION = YES;
				CLANG_WARN_OBJC_IMPLICIT_RETAIN_SELF = YES;
				CLANG_WARN_OBJC_LITERAL_CONVERSION = YES;
				CLANG_WARN_OBJC_ROOT_CLASS = YES_ERROR;
				CLANG_WARN_RANGE_LOOP_ANALYSIS = YES;
				CLANG_WARN_STRICT_PROTOTYPES = YES;
				CLANG_WARN_SUSPICIOUS_MOVE = YES;
				CLANG_WARN_UNGUARDED_AVAILABILITY = YES_AGGRESSIVE;
				CLANG_WARN_UNREACHABLE_CODE = YES;
				CLANG_WARN__DUPLICATE_METHOD_MATCH = YES;
				CODE_SIGN_IDENTITY = "iPhone Developer";
				COPY_PHASE_STRIP = NO;
				DEBUG_INFORMATION_FORMAT = "dwarf-with-dsym";
				ENABLE_NS_ASSERTIONS = NO;
				ENABLE_STRICT_OBJC_MSGSEND = YES;
				GCC_C_LANGUAGE_STANDARD = gnu11;
				GCC_NO_COMMON_BLOCKS = YES;
				GCC_WARN_64_TO_32_BIT_CONVERSION = YES;
				GCC_WARN_ABOUT_RETURN_TYPE = YES_ERROR;
				GCC_WARN_UNDECLARED_SELECTOR = YES;
				GCC_WARN_UNINITIALIZED_AUTOS = YES_AGGRESSIVE;
				GCC_WARN_UNUSED_FUNCTION = YES;
				GCC_WARN_UNUSED_VARIABLE = YES;
				IPHONEOS_DEPLOYMENT_TARGET = 12.2;
				MTL_ENABLE_DEBUG_INFO = NO;
				MTL_FAST_MATH = YES;
				SDKROOT = iphoneos;
				SWIFT_COMPILATION_MODE = wholemodule;
				SWIFT_OPTIMIZATION_LEVEL = "-O";
				VALIDATE_PRODUCT = YES;
			};
			name = Release;
		};
		5764346522DE2002009AF7C5 /* Debug */ = {
			isa = XCBuildConfiguration;
			buildSettings = {
				ASSETCATALOG_COMPILER_APPICON_NAME = AppIcon;
				CODE_SIGN_STYLE = Automatic;
				INFOPLIST_FILE = Sample/Info.plist;
				LD_RUNPATH_SEARCH_PATHS = (
					"$(inherited)",
					"@executable_path/Frameworks",
				);
				PRODUCT_BUNDLE_IDENTIFIER = com.codingblocks.Sample;
				PRODUCT_NAME = "$(TARGET_NAME)";
				SWIFT_VERSION = 5.0;
				TARGETED_DEVICE_FAMILY = "1,2";
			};
			name = Debug;
		};
		5764346622DE2002009AF7C5 /* Release */ = {
			isa = XCBuildConfiguration;
			buildSettings = {
				ASSETCATALOG_COMPILER_APPICON_NAME = AppIcon;
				CODE_SIGN_STYLE = Automatic;
				INFOPLIST_FILE = Sample/Info.plist;
				LD_RUNPATH_SEARCH_PATHS = (
					"$(inherited)",
					"@executable_path/Frameworks",
				);
				PRODUCT_BUNDLE_IDENTIFIER = com.codingblocks.Sample;
				PRODUCT_NAME = "$(TARGET_NAME)";
				SWIFT_VERSION = 5.0;
				TARGETED_DEVICE_FAMILY = "1,2";
			};
			name = Release;
		};
		5764346822DE2002009AF7C5 /* Debug */ = {
			isa = XCBuildConfiguration;
			buildSettings = {
				ALWAYS_EMBED_SWIFT_STANDARD_LIBRARIES = YES;
				BUNDLE_LOADER = "$(TEST_HOST)";
				CODE_SIGN_STYLE = Automatic;
				INFOPLIST_FILE = SampleTests/Info.plist;
				LD_RUNPATH_SEARCH_PATHS = (
					"$(inherited)",
					"@executable_path/Frameworks",
					"@loader_path/Frameworks",
				);
				PRODUCT_BUNDLE_IDENTIFIER = com.codingblocks.SampleTests;
				PRODUCT_NAME = "$(TARGET_NAME)";
				SWIFT_VERSION = 5.0;
				TARGETED_DEVICE_FAMILY = "1,2";
				TEST_HOST = "$(BUILT_PRODUCTS_DIR)/Sample.app/Sample";
			};
			name = Debug;
		};
		5764346922DE2002009AF7C5 /* Release */ = {
			isa = XCBuildConfiguration;
			buildSettings = {
				ALWAYS_EMBED_SWIFT_STANDARD_LIBRARIES = YES;
				BUNDLE_LOADER = "$(TEST_HOST)";
				CODE_SIGN_STYLE = Automatic;
				INFOPLIST_FILE = SampleTests/Info.plist;
				LD_RUNPATH_SEARCH_PATHS = (
					"$(inherited)",
					"@executable_path/Frameworks",
					"@loader_path/Frameworks",
				);
				PRODUCT_BUNDLE_IDENTIFIER = com.codingblocks.SampleTests;
				PRODUCT_NAME = "$(TARGET_NAME)";
				SWIFT_VERSION = 5.0;
				TARGETED_DEVICE_FAMILY = "1,2";
				TEST_HOST = "$(BUILT_PRODUCTS_DIR)/Sample.app/Sample";
			};
			name = Release;
		};
		5764346B22DE2002009AF7C5 /* Debug */ = {
			isa = XCBuildConfiguration;
			buildSettings = {
				ALWAYS_EMBED_SWIFT_STANDARD_LIBRARIES = YES;
				CODE_SIGN_STYLE = Automatic;
				INFOPLIST_FILE = SampleUITests/Info.plist;
				LD_RUNPATH_SEARCH_PATHS = (
					"$(inherited)",
					"@executable_path/Frameworks",
					"@loader_path/Frameworks",
				);
				PRODUCT_BUNDLE_IDENTIFIER = com.codingblocks.SampleUITests;
				PRODUCT_NAME = "$(TARGET_NAME)";
				SWIFT_VERSION = 5.0;
				TARGETED_DEVICE_FAMILY = "1,2";
				TEST_TARGET_NAME = Sample;
			};
			name = Debug;
		};
		5764346C22DE2002009AF7C5 /* Release */ = {
			isa = XCBuildConfiguration;
			buildSettings = {
				ALWAYS_EMBED_SWIFT_STANDARD_LIBRARIES = YES;
				CODE_SIGN_STYLE = Automatic;
				INFOPLIST_FILE = SampleUITests/Info.plist;
				LD_RUNPATH_SEARCH_PATHS = (
					"$(inherited)",
					"@executable_path/Frameworks",
					"@loader_path/Frameworks",
				);
				PRODUCT_BUNDLE_IDENTIFIER = com.codingblocks.SampleUITests;
				PRODUCT_NAME = "$(TARGET_NAME)";
				SWIFT_VERSION = 5.0;
				TARGETED_DEVICE_FAMILY = "1,2";
				TEST_TARGET_NAME = Sample;
			};
			name = Release;
		};
/* End XCBuildConfiguration section */

/* Begin XCConfigurationList section */
		5764343722DE2000009AF7C5 /* Build configuration list for PBXProject "Sample" */ = {
			isa = XCConfigurationList;
			buildConfigurations = (
				5764346222DE2002009AF7C5 /* Debug */,
				5764346322DE2002009AF7C5 /* Release */,
			);
			defaultConfigurationIsVisible = 0;
			defaultConfigurationName = Release;
		};
		5764346422DE2002009AF7C5 /* Build configuration list for PBXNativeTarget "Sample" */ = {
			isa = XCConfigurationList;
			buildConfigurations = (
				5764346522DE2002009AF7C5 /* Debug */,
				5764346622DE2002009AF7C5 /* Release */,
			);
			defaultConfigurationIsVisible = 0;
			defaultConfigurationName = Release;
		};
		5764346722DE2002009AF7C5 /* Build configuration list for PBXNativeTarget "SampleTests" */ = {
			isa = XCConfigurationList;
			buildConfigurations = (
				5764346822DE2002009AF7C5 /* Debug */,
				5764346922DE2002009AF7C5 /* Release */,
			);
			defaultConfigurationIsVisible = 0;
			defaultConfigurationName = Release;
		};
		5764346A22DE2002009AF7C5 /* Build configuration list for PBXNativeTarget "SampleUITests" */ = {
			isa = XCConfigurationList;
			buildConfigurations = (
				5764346B22DE2002009AF7C5 /* Debug */,
				5764346C22DE2002009AF7C5 /* Release */,
			);
			defaultConfigurationIsVisible = 0;
			defaultConfigurationName = Release;
		};
/* End XCConfigurationList section */
	};
	rootObject = 5764343422DE2000009AF7C5 /* Project object */;
}
